// !$*UTF8*$!
{
	archiveVersion = 1;
	classes = {
	};
	objectVersion = 77;
	objects = {

/* Begin PBXBuildFile section */
		F1C542642DE741D30023FDFA /* .gitignore in Resources */ = {isa = PBXBuildFile; fileRef = F1C542622DE741C90023FDFA /* .gitignore */; };
/* End PBXBuildFile section */

/* Begin PBXContainerItemProxy section */
		F148FC292DE20A3900AD97DB /* PBXContainerItemProxy */ = {
			isa = PBXContainerItemProxy;
			containerPortal = F148FC0E2DE20A3700AD97DB /* Project object */;
			proxyType = 1;
			remoteGlobalIDString = F148FC152DE20A3700AD97DB;
			remoteInfo = ToDoListDemo;
		};
		F148FC332DE20A3900AD97DB /* PBXContainerItemProxy */ = {
			isa = PBXContainerItemProxy;
			containerPortal = F148FC0E2DE20A3700AD97DB /* Project object */;
			proxyType = 1;
			remoteGlobalIDString = F148FC152DE20A3700AD97DB;
			remoteInfo = ToDoListDemo;
		};
/* End PBXContainerItemProxy section */

/* Begin PBXFileReference section */
		F148FC162DE20A3700AD97DB /* ToDoListDemo.app */ = {isa = PBXFileReference; explicitFileType = wrapper.application; includeInIndex = 0; path = ToDoListDemo.app; sourceTree = BUILT_PRODUCTS_DIR; };
		F148FC282DE20A3900AD97DB /* ToDoListDemoTests.xctest */ = {isa = PBXFileReference; explicitFileType = wrapper.cfbundle; includeInIndex = 0; path = ToDoListDemoTests.xctest; sourceTree = BUILT_PRODUCTS_DIR; };
		F148FC322DE20A3900AD97DB /* ToDoListDemoUITests.xctest */ = {isa = PBXFileReference; explicitFileType = wrapper.cfbundle; includeInIndex = 0; path = ToDoListDemoUITests.xctest; sourceTree = BUILT_PRODUCTS_DIR; };
		F1C542622DE741C90023FDFA /* .gitignore */ = {isa = PBXFileReference; lastKnownFileType = text; path = .gitignore; sourceTree = "<group>"; };
/* End PBXFileReference section */

/* Begin PBXFileSystemSynchronizedRootGroup section */
		F148FC182DE20A3700AD97DB /* ToDoListDemo */ = {
			isa = PBXFileSystemSynchronizedRootGroup;
			path = ToDoListDemo;
			sourceTree = "<group>";
		};
		F148FC2B2DE20A3900AD97DB /* ToDoListDemoTests */ = {
			isa = PBXFileSystemSynchronizedRootGroup;
			path = ToDoListDemoTests;
			sourceTree = "<group>";
		};
		F148FC352DE20A3900AD97DB /* ToDoListDemoUITests */ = {
			isa = PBXFileSystemSynchronizedRootGroup;
			path = ToDoListDemoUITests;
			sourceTree = "<group>";
		};
/* End PBXFileSystemSynchronizedRootGroup section */

/* Begin PBXFrameworksBuildPhase section */
		F148FC132DE20A3700AD97DB /* Frameworks */ = {
			isa = PBXFrameworksBuildPhase;
			buildActionMask = 2147483647;
			files = (
			);
			runOnlyForDeploymentPostprocessing = 0;
		};
		F148FC252DE20A3900AD97DB /* Frameworks */ = {
			isa = PBXFrameworksBuildPhase;
			buildActionMask = 2147483647;
			files = (
			);
			runOnlyForDeploymentPostprocessing = 0;
		};
		F148FC2F2DE20A3900AD97DB /* Frameworks */ = {
			isa = PBXFrameworksBuildPhase;
			buildActionMask = 2147483647;
			files = (
			);
			runOnlyForDeploymentPostprocessing = 0;
		};
/* End PBXFrameworksBuildPhase section */

/* Begin PBXGroup section */
		F148FC0D2DE20A3700AD97DB = {
			isa = PBXGroup;
			children = (
				F148FC182DE20A3700AD97DB /* ToDoListDemo */,
				F148FC2B2DE20A3900AD97DB /* ToDoListDemoTests */,
				F148FC352DE20A3900AD97DB /* ToDoListDemoUITests */,
				F148FC172DE20A3700AD97DB /* Products */,
				F1C542622DE741C90023FDFA /* .gitignore */,
			);
			sourceTree = "<group>";
		};
		F148FC172DE20A3700AD97DB /* Products */ = {
			isa = PBXGroup;
			children = (
				F148FC162DE20A3700AD97DB /* ToDoListDemo.app */,
				F148FC282DE20A3900AD97DB /* ToDoListDemoTests.xctest */,
				F148FC322DE20A3900AD97DB /* ToDoListDemoUITests.xctest */,
			);
			name = Products;
			sourceTree = "<group>";
		};
/* End PBXGroup section */

/* Begin PBXNativeTarget section */
		F148FC152DE20A3700AD97DB /* ToDoListDemo */ = {
			isa = PBXNativeTarget;
			buildConfigurationList = F148FC3C2DE20A3900AD97DB /* Build configuration list for PBXNativeTarget "ToDoListDemo" */;
			buildPhases = (
				F148FC122DE20A3700AD97DB /* Sources */,
				F148FC132DE20A3700AD97DB /* Frameworks */,
				F148FC142DE20A3700AD97DB /* Resources */,
			);
			buildRules = (
			);
			dependencies = (
			);
			fileSystemSynchronizedGroups = (
				F148FC182DE20A3700AD97DB /* ToDoListDemo */,
			);
			name = ToDoListDemo;
			packageProductDependencies = (
			);
			productName = ToDoListDemo;
			productReference = F148FC162DE20A3700AD97DB /* ToDoListDemo.app */;
			productType = "com.apple.product-type.application";
		};
		F148FC272DE20A3900AD97DB /* ToDoListDemoTests */ = {
			isa = PBXNativeTarget;
			buildConfigurationList = F148FC3F2DE20A3900AD97DB /* Build configuration list for PBXNativeTarget "ToDoListDemoTests" */;
			buildPhases = (
				F148FC242DE20A3900AD97DB /* Sources */,
				F148FC252DE20A3900AD97DB /* Frameworks */,
				F148FC262DE20A3900AD97DB /* Resources */,
			);
			buildRules = (
			);
			dependencies = (
				F148FC2A2DE20A3900AD97DB /* PBXTargetDependency */,
			);
			fileSystemSynchronizedGroups = (
				F148FC2B2DE20A3900AD97DB /* ToDoListDemoTests */,
			);
			name = ToDoListDemoTests;
			packageProductDependencies = (
			);
			productName = ToDoListDemoTests;
			productReference = F148FC282DE20A3900AD97DB /* ToDoListDemoTests.xctest */;
			productType = "com.apple.product-type.bundle.unit-test";
		};
		F148FC312DE20A3900AD97DB /* ToDoListDemoUITests */ = {
			isa = PBXNativeTarget;
			buildConfigurationList = F148FC422DE20A3900AD97DB /* Build configuration list for PBXNativeTarget "ToDoListDemoUITests" */;
			buildPhases = (
				F148FC2E2DE20A3900AD97DB /* Sources */,
				F148FC2F2DE20A3900AD97DB /* Frameworks */,
				F148FC302DE20A3900AD97DB /* Resources */,
			);
			buildRules = (
			);
			dependencies = (
				F148FC342DE20A3900AD97DB /* PBXTargetDependency */,
			);
			fileSystemSynchronizedGroups = (
				F148FC352DE20A3900AD97DB /* ToDoListDemoUITests */,
			);
			name = ToDoListDemoUITests;
			packageProductDependencies = (
			);
			productName = ToDoListDemoUITests;
			productReference = F148FC322DE20A3900AD97DB /* ToDoListDemoUITests.xctest */;
			productType = "com.apple.product-type.bundle.ui-testing";
		};
/* End PBXNativeTarget section */

/* Begin PBXProject section */
		F148FC0E2DE20A3700AD97DB /* Project object */ = {
			isa = PBXProject;
			attributes = {
				BuildIndependentTargetsInParallel = 1;
				LastSwiftUpdateCheck = 1620;
				LastUpgradeCheck = 1620;
				TargetAttributes = {
					F148FC152DE20A3700AD97DB = {
						CreatedOnToolsVersion = 16.2;
						LastSwiftMigration = 1620;
					};
					F148FC272DE20A3900AD97DB = {
						CreatedOnToolsVersion = 16.2;
						TestTargetID = F148FC152DE20A3700AD97DB;
					};
					F148FC312DE20A3900AD97DB = {
						CreatedOnToolsVersion = 16.2;
						TestTargetID = F148FC152DE20A3700AD97DB;
					};
				};
			};
			buildConfigurationList = F148FC112DE20A3700AD97DB /* Build configuration list for PBXProject "ToDoListDemo" */;
			developmentRegion = en;
			hasScannedForEncodings = 0;
			knownRegions = (
				en,
				Base,
			);
			mainGroup = F148FC0D2DE20A3700AD97DB;
			minimizedProjectReferenceProxies = 1;
			preferredProjectObjectVersion = 77;
			productRefGroup = F148FC172DE20A3700AD97DB /* Products */;
			projectDirPath = "";
			projectRoot = "";
			targets = (
				F148FC152DE20A3700AD97DB /* ToDoListDemo */,
				F148FC272DE20A3900AD97DB /* ToDoListDemoTests */,
				F148FC312DE20A3900AD97DB /* ToDoListDemoUITests */,
			);
		};
/* End PBXProject section */

/* Begin PBXResourcesBuildPhase section */
		F148FC142DE20A3700AD97DB /* Resources */ = {
			isa = PBXResourcesBuildPhase;
			buildActionMask = 2147483647;
			files = (
				F1C542642DE741D30023FDFA /* .gitignore in Resources */,
			);
			runOnlyForDeploymentPostprocessing = 0;
		};
		F148FC262DE20A3900AD97DB /* Resources */ = {
			isa = PBXResourcesBuildPhase;
			buildActionMask = 2147483647;
			files = (
			);
			runOnlyForDeploymentPostprocessing = 0;
		};
		F148FC302DE20A3900AD97DB /* Resources */ = {
			isa = PBXResourcesBuildPhase;
			buildActionMask = 2147483647;
			files = (
			);
			runOnlyForDeploymentPostprocessing = 0;
		};
/* End PBXResourcesBuildPhase section */

/* Begin PBXSourcesBuildPhase section */
		F148FC122DE20A3700AD97DB /* Sources */ = {
			isa = PBXSourcesBuildPhase;
			buildActionMask = 2147483647;
			files = (
			);
			runOnlyForDeploymentPostprocessing = 0;
		};
		F148FC242DE20A3900AD97DB /* Sources */ = {
			isa = PBXSourcesBuildPhase;
			buildActionMask = 2147483647;
			files = (
			);
			runOnlyForDeploymentPostprocessing = 0;
		};
		F148FC2E2DE20A3900AD97DB /* Sources */ = {
			isa = PBXSourcesBuildPhase;
			buildActionMask = 2147483647;
			files = (
			);
			runOnlyForDeploymentPostprocessing = 0;
		};
/* End PBXSourcesBuildPhase section */

/* Begin PBXTargetDependency section */
		F148FC2A2DE20A3900AD97DB /* PBXTargetDependency */ = {
			isa = PBXTargetDependency;
			target = F148FC152DE20A3700AD97DB /* ToDoListDemo */;
			targetProxy = F148FC292DE20A3900AD97DB /* PBXContainerItemProxy */;
		};
		F148FC342DE20A3900AD97DB /* PBXTargetDependency */ = {
			isa = PBXTargetDependency;
			target = F148FC152DE20A3700AD97DB /* ToDoListDemo */;
			targetProxy = F148FC332DE20A3900AD97DB /* PBXContainerItemProxy */;
		};
/* End PBXTargetDependency section */

/* Begin XCBuildConfiguration section */
		F148FC3A2DE20A3900AD97DB /* Debug */ = {
			isa = XCBuildConfiguration;
			buildSettings = {
				ALWAYS_SEARCH_USER_PATHS = NO;
				ASSETCATALOG_COMPILER_GENERATE_SWIFT_ASSET_SYMBOL_EXTENSIONS = YES;
				CLANG_ANALYZER_NONNULL = YES;
				CLANG_ANALYZER_NUMBER_OBJECT_CONVERSION = YES_AGGRESSIVE;
				CLANG_CXX_LANGUAGE_STANDARD = "gnu++20";
				CLANG_ENABLE_MODULES = YES;
				CLANG_ENABLE_OBJC_ARC = YES;
				CLANG_ENABLE_OBJC_WEAK = YES;
				CLANG_WARN_BLOCK_CAPTURE_AUTORELEASING = YES;
				CLANG_WARN_BOOL_CONVERSION = YES;
				CLANG_WARN_COMMA = YES;
				CLANG_WARN_CONSTANT_CONVERSION = YES;
				CLANG_WARN_DEPRECATED_OBJC_IMPLEMENTATIONS = YES;
				CLANG_WARN_DIRECT_OBJC_ISA_USAGE = YES_ERROR;
				CLANG_WARN_DOCUMENTATION_COMMENTS = YES;
				CLANG_WARN_EMPTY_BODY = YES;
				CLANG_WARN_ENUM_CONVERSION = YES;
				CLANG_WARN_INFINITE_RECURSION = YES;
				CLANG_WARN_INT_CONVERSION = YES;
				CLANG_WARN_NON_LITERAL_NULL_CONVERSION = YES;
				CLANG_WARN_OBJC_IMPLICIT_RETAIN_SELF = YES;
				CLANG_WARN_OBJC_LITERAL_CONVERSION = YES;
				CLANG_WARN_OBJC_ROOT_CLASS = YES_ERROR;
				CLANG_WARN_QUOTED_INCLUDE_IN_FRAMEWORK_HEADER = YES;
				CLANG_WARN_RANGE_LOOP_ANALYSIS = YES;
				CLANG_WARN_STRICT_PROTOTYPES = YES;
				CLANG_WARN_SUSPICIOUS_MOVE = YES;
				CLANG_WARN_UNGUARDED_AVAILABILITY = YES_AGGRESSIVE;
				CLANG_WARN_UNREACHABLE_CODE = YES;
				CLANG_WARN__DUPLICATE_METHOD_MATCH = YES;
				COPY_PHASE_STRIP = NO;
				DEBUG_INFORMATION_FORMAT = dwarf;
				ENABLE_STRICT_OBJC_MSGSEND = YES;
				ENABLE_TESTABILITY = YES;
				ENABLE_USER_SCRIPT_SANDBOXING = YES;
				GCC_C_LANGUAGE_STANDARD = gnu17;
				GCC_DYNAMIC_NO_PIC = NO;
				GCC_NO_COMMON_BLOCKS = YES;
				GCC_OPTIMIZATION_LEVEL = 0;
				GCC_PREPROCESSOR_DEFINITIONS = (
					"DEBUG=1",
					"$(inherited)",
				);
				GCC_WARN_64_TO_32_BIT_CONVERSION = YES;
				GCC_WARN_ABOUT_RETURN_TYPE = YES_ERROR;
				GCC_WARN_UNDECLARED_SELECTOR = YES;
				GCC_WARN_UNINITIALIZED_AUTOS = YES_AGGRESSIVE;
				GCC_WARN_UNUSED_FUNCTION = YES;
				GCC_WARN_UNUSED_VARIABLE = YES;
				IPHONEOS_DEPLOYMENT_TARGET = 18.2;
				LOCALIZATION_PREFERS_STRING_CATALOGS = YES;
				MTL_ENABLE_DEBUG_INFO = INCLUDE_SOURCE;
				MTL_FAST_MATH = YES;
				ONLY_ACTIVE_ARCH = YES;
				SDKROOT = iphoneos;
				SWIFT_ACTIVE_COMPILATION_CONDITIONS = "DEBUG $(inherited)";
				SWIFT_OPTIMIZATION_LEVEL = "-Onone";
			};
			name = Debug;
		};
		F148FC3B2DE20A3900AD97DB /* Release */ = {
			isa = XCBuildConfiguration;
			buildSettings = {
				ALWAYS_SEARCH_USER_PATHS = NO;
				ASSETCATALOG_COMPILER_GENERATE_SWIFT_ASSET_SYMBOL_EXTENSIONS = YES;
				CLANG_ANALYZER_NONNULL = YES;
				CLANG_ANALYZER_NUMBER_OBJECT_CONVERSION = YES_AGGRESSIVE;
				CLANG_CXX_LANGUAGE_STANDARD = "gnu++20";
				CLANG_ENABLE_MODULES = YES;
				CLANG_ENABLE_OBJC_ARC = YES;
				CLANG_ENABLE_OBJC_WEAK = YES;
				CLANG_WARN_BLOCK_CAPTURE_AUTORELEASING = YES;
				CLANG_WARN_BOOL_CONVERSION = YES;
				CLANG_WARN_COMMA = YES;
				CLANG_WARN_CONSTANT_CONVERSION = YES;
				CLANG_WARN_DEPRECATED_OBJC_IMPLEMENTATIONS = YES;
				CLANG_WARN_DIRECT_OBJC_ISA_USAGE = YES_ERROR;
				CLANG_WARN_DOCUMENTATION_COMMENTS = YES;
				CLANG_WARN_EMPTY_BODY = YES;
				CLANG_WARN_ENUM_CONVERSION = YES;
				CLANG_WARN_INFINITE_RECURSION = YES;
				CLANG_WARN_INT_CONVERSION = YES;
				CLANG_WARN_NON_LITERAL_NULL_CONVERSION = YES;
				CLANG_WARN_OBJC_IMPLICIT_RETAIN_SELF = YES;
				CLANG_WARN_OBJC_LITERAL_CONVERSION = YES;
				CLANG_WARN_OBJC_ROOT_CLASS = YES_ERROR;
				CLANG_WARN_QUOTED_INCLUDE_IN_FRAMEWORK_HEADER = YES;
				CLANG_WARN_RANGE_LOOP_ANALYSIS = YES;
				CLANG_WARN_STRICT_PROTOTYPES = YES;
				CLANG_WARN_SUSPICIOUS_MOVE = YES;
				CLANG_WARN_UNGUARDED_AVAILABILITY = YES_AGGRESSIVE;
				CLANG_WARN_UNREACHABLE_CODE = YES;
				CLANG_WARN__DUPLICATE_METHOD_MATCH = YES;
				COPY_PHASE_STRIP = NO;
				DEBUG_INFORMATION_FORMAT = "dwarf-with-dsym";
				ENABLE_NS_ASSERTIONS = NO;
				ENABLE_STRICT_OBJC_MSGSEND = YES;
				ENABLE_USER_SCRIPT_SANDBOXING = YES;
				GCC_C_LANGUAGE_STANDARD = gnu17;
				GCC_NO_COMMON_BLOCKS = YES;
				GCC_WARN_64_TO_32_BIT_CONVERSION = YES;
				GCC_WARN_ABOUT_RETURN_TYPE = YES_ERROR;
				GCC_WARN_UNDECLARED_SELECTOR = YES;
				GCC_WARN_UNINITIALIZED_AUTOS = YES_AGGRESSIVE;
				GCC_WARN_UNUSED_FUNCTION = YES;
				GCC_WARN_UNUSED_VARIABLE = YES;
				IPHONEOS_DEPLOYMENT_TARGET = 18.2;
				LOCALIZATION_PREFERS_STRING_CATALOGS = YES;
				MTL_ENABLE_DEBUG_INFO = NO;
				MTL_FAST_MATH = YES;
				SDKROOT = iphoneos;
				SWIFT_COMPILATION_MODE = wholemodule;
				VALIDATE_PRODUCT = YES;
			};
			name = Release;
		};
		F148FC3D2DE20A3900AD97DB /* Debug */ = {
			isa = XCBuildConfiguration;
			buildSettings = {
				ASSETCATALOG_COMPILER_APPICON_NAME = AppIcon;
				ASSETCATALOG_COMPILER_GLOBAL_ACCENT_COLOR_NAME = AccentColor;
				CLANG_ENABLE_MODULES = YES;
				CODE_SIGN_STYLE = Automatic;
				CURRENT_PROJECT_VERSION = 1;
				DEVELOPMENT_TEAM = HWRZ7TT8KY;
				ENABLE_PREVIEWS = YES;
				GENERATE_INFOPLIST_FILE = YES;
				INFOPLIST_KEY_UIApplicationSceneManifest_Generation = YES;
				INFOPLIST_KEY_UIApplicationSupportsIndirectInputEvents = YES;
				INFOPLIST_KEY_UILaunchScreen_Generation = YES;
				INFOPLIST_KEY_UISupportedInterfaceOrientations_iPad = "UIInterfaceOrientationPortrait UIInterfaceOrientationPortraitUpsideDown UIInterfaceOrientationLandscapeLeft UIInterfaceOrientationLandscapeRight";
				INFOPLIST_KEY_UISupportedInterfaceOrientations_iPhone = "UIInterfaceOrientationPortrait UIInterfaceOrientationLandscapeLeft UIInterfaceOrientationLandscapeRight";
				LD_RUNPATH_SEARCH_PATHS = (
					"$(inherited)",
					"@executable_path/Frameworks",
				);
				MARKETING_VERSION = 1.0;
				PRODUCT_BUNDLE_IDENTIFIER = reyvelopment.ToDoListDemo;
				PRODUCT_NAME = "$(TARGET_NAME)";
				SWIFT_EMIT_LOC_STRINGS = YES;
				SWIFT_OPTIMIZATION_LEVEL = "-Onone";
				SWIFT_VERSION = 5.0;
				TARGETED_DEVICE_FAMILY = "1,2";
			};
			name = Debug;
		};
		F148FC3E2DE20A3900AD97DB /* Release */ = {
			isa = XCBuildConfiguration;
			buildSettings = {
				ASSETCATALOG_COMPILER_APPICON_NAME = AppIcon;
				ASSETCATALOG_COMPILER_GLOBAL_ACCENT_COLOR_NAME = AccentColor;
				CLANG_ENABLE_MODULES = YES;
				CODE_SIGN_STYLE = Automatic;
				CURRENT_PROJECT_VERSION = 1;
				DEVELOPMENT_TEAM = HWRZ7TT8KY;
				ENABLE_PREVIEWS = YES;
				GENERATE_INFOPLIST_FILE = YES;
				INFOPLIST_KEY_UIApplicationSceneManifest_Generation = YES;
				INFOPLIST_KEY_UIApplicationSupportsIndirectInputEvents = YES;
				INFOPLIST_KEY_UILaunchScreen_Generation = YES;
				INFOPLIST_KEY_UISupportedInterfaceOrientations_iPad = "UIInterfaceOrientationPortrait UIInterfaceOrientationPortraitUpsideDown UIInterfaceOrientationLandscapeLeft UIInterfaceOrientationLandscapeRight";
				INFOPLIST_KEY_UISupportedInterfaceOrientations_iPhone = "UIInterfaceOrientationPortrait UIInterfaceOrientationLandscapeLeft UIInterfaceOrientationLandscapeRight";
				LD_RUNPATH_SEARCH_PATHS = (
					"$(inherited)",
					"@executable_path/Frameworks",
				);
				MARKETING_VERSION = 1.0;
				PRODUCT_BUNDLE_IDENTIFIER = reyvelopment.ToDoListDemo;
				PRODUCT_NAME = "$(TARGET_NAME)";
				SWIFT_EMIT_LOC_STRINGS = YES;
				SWIFT_VERSION = 5.0;
				TARGETED_DEVICE_FAMILY = "1,2";
			};
			name = Release;
		};
		F148FC402DE20A3900AD97DB /* Debug */ = {
			isa = XCBuildConfiguration;
			buildSettings = {
				BUNDLE_LOADER = "$(TEST_HOST)";
				CODE_SIGN_STYLE = Automatic;
				CURRENT_PROJECT_VERSION = 1;
				DEVELOPMENT_TEAM = HWRZ7TT8KY;
				GENERATE_INFOPLIST_FILE = YES;
				IPHONEOS_DEPLOYMENT_TARGET = 18.2;
				MARKETING_VERSION = 1.0;
				PRODUCT_BUNDLE_IDENTIFIER = reyvelopment.ToDoListDemoTests;
				PRODUCT_NAME = "$(TARGET_NAME)";
				SWIFT_EMIT_LOC_STRINGS = NO;
				SWIFT_VERSION = 5.0;
				TARGETED_DEVICE_FAMILY = "1,2";
				TEST_HOST = "$(BUILT_PRODUCTS_DIR)/ToDoListDemo.app/$(BUNDLE_EXECUTABLE_FOLDER_PATH)/ToDoListDemo";
			};
			name = Debug;
		};
		F148FC412DE20A3900AD97DB /* Release */ = {
			isa = XCBuildConfiguration;
			buildSettings = {
				BUNDLE_LOADER = "$(TEST_HOST)";
				CODE_SIGN_STYLE = Automatic;
				CURRENT_PROJECT_VERSION = 1;
				DEVELOPMENT_TEAM = HWRZ7TT8KY;
				GENERATE_INFOPLIST_FILE = YES;
				IPHONEOS_DEPLOYMENT_TARGET = 18.2;
				MARKETING_VERSION = 1.0;
				PRODUCT_BUNDLE_IDENTIFIER = reyvelopment.ToDoListDemoTests;
				PRODUCT_NAME = "$(TARGET_NAME)";
				SWIFT_EMIT_LOC_STRINGS = NO;
				SWIFT_VERSION = 5.0;
				TARGETED_DEVICE_FAMILY = "1,2";
				TEST_HOST = "$(BUILT_PRODUCTS_DIR)/ToDoListDemo.app/$(BUNDLE_EXECUTABLE_FOLDER_PATH)/ToDoListDemo";
			};
			name = Release;
		};
		F148FC432DE20A3900AD97DB /* Debug */ = {
			isa = XCBuildConfiguration;
			buildSettings = {
				CODE_SIGN_STYLE = Automatic;
				CURRENT_PROJECT_VERSION = 1;
				DEVELOPMENT_TEAM = HWRZ7TT8KY;
				GENERATE_INFOPLIST_FILE = YES;
				MARKETING_VERSION = 1.0;
				PRODUCT_BUNDLE_IDENTIFIER = reyvelopment.ToDoListDemoUITests;
				PRODUCT_NAME = "$(TARGET_NAME)";
				SWIFT_EMIT_LOC_STRINGS = NO;
				SWIFT_VERSION = 5.0;
				TARGETED_DEVICE_FAMILY = "1,2";
				TEST_TARGET_NAME = ToDoListDemo;
			};
			name = Debug;
		};
		F148FC442DE20A3900AD97DB /* Release */ = {
			isa = XCBuildConfiguration;
			buildSettings = {
				CODE_SIGN_STYLE = Automatic;
				CURRENT_PROJECT_VERSION = 1;
				DEVELOPMENT_TEAM = HWRZ7TT8KY;
				GENERATE_INFOPLIST_FILE = YES;
				MARKETING_VERSION = 1.0;
				PRODUCT_BUNDLE_IDENTIFIER = reyvelopment.ToDoListDemoUITests;
				PRODUCT_NAME = "$(TARGET_NAME)";
				SWIFT_EMIT_LOC_STRINGS = NO;
				SWIFT_VERSION = 5.0;
				TARGETED_DEVICE_FAMILY = "1,2";
				TEST_TARGET_NAME = ToDoListDemo;
			};
			name = Release;
		};
/* End XCBuildConfiguration section */

/* Begin XCConfigurationList section */
		F148FC112DE20A3700AD97DB /* Build configuration list for PBXProject "ToDoListDemo" */ = {
			isa = XCConfigurationList;
			buildConfigurations = (
				F148FC3A2DE20A3900AD97DB /* Debug */,
				F148FC3B2DE20A3900AD97DB /* Release */,
			);
			defaultConfigurationIsVisible = 0;
			defaultConfigurationName = Release;
		};
		F148FC3C2DE20A3900AD97DB /* Build configuration list for PBXNativeTarget "ToDoListDemo" */ = {
			isa = XCConfigurationList;
			buildConfigurations = (
				F148FC3D2DE20A3900AD97DB /* Debug */,
				F148FC3E2DE20A3900AD97DB /* Release */,
			);
			defaultConfigurationIsVisible = 0;
			defaultConfigurationName = Release;
		};
		F148FC3F2DE20A3900AD97DB /* Build configuration list for PBXNativeTarget "ToDoListDemoTests" */ = {
			isa = XCConfigurationList;
			buildConfigurations = (
				F148FC402DE20A3900AD97DB /* Debug */,
				F148FC412DE20A3900AD97DB /* Release */,
			);
			defaultConfigurationIsVisible = 0;
			defaultConfigurationName = Release;
		};
		F148FC422DE20A3900AD97DB /* Build configuration list for PBXNativeTarget "ToDoListDemoUITests" */ = {
			isa = XCConfigurationList;
			buildConfigurations = (
				F148FC432DE20A3900AD97DB /* Debug */,
				F148FC442DE20A3900AD97DB /* Release */,
			);
			defaultConfigurationIsVisible = 0;
			defaultConfigurationName = Release;
		};
/* End XCConfigurationList section */
	};
	rootObject = F148FC0E2DE20A3700AD97DB /* Project object */;
}
